// !$*UTF8*$!
{
	archiveVersion = 1;
	classes = {
	};
	objectVersion = 56;
	objects = {

/* Begin PBXBuildFile section */
		7C1B4D18294E132300543D9F /* Place.swift in Sources */ = {isa = PBXBuildFile; fileRef = 7C1B4D17294E132300543D9F /* Place.swift */; };
		7C1B4D1C294E139700543D9F /* PlaceProperties.swift in Sources */ = {isa = PBXBuildFile; fileRef = 7C1B4D1B294E139700543D9F /* PlaceProperties.swift */; };
		7C1B4D1F294E176F00543D9F /* Feature.swift in Sources */ = {isa = PBXBuildFile; fileRef = 7C1B4D1E294E176F00543D9F /* Feature.swift */; };
		7C1B4D21294E184600543D9F /* Geometry.swift in Sources */ = {isa = PBXBuildFile; fileRef = 7C1B4D20294E184600543D9F /* Geometry.swift */; };
		7C1B4D23294E188000543D9F /* Properties.swift in Sources */ = {isa = PBXBuildFile; fileRef = 7C1B4D22294E188000543D9F /* Properties.swift */; };
		7C1B4D25294E1B8000543D9F /* Address.swift in Sources */ = {isa = PBXBuildFile; fileRef = 7C1B4D24294E1B8000543D9F /* Address.swift */; };
		7C1B4D27294E1C8E00543D9F /* Bbox.swift in Sources */ = {isa = PBXBuildFile; fileRef = 7C1B4D26294E1C8E00543D9F /* Bbox.swift */; };
		7C1B4D29294E1D2100543D9F /* Sources.swift in Sources */ = {isa = PBXBuildFile; fileRef = 7C1B4D28294E1D2100543D9F /* Sources.swift */; };
		7C1B4D2B294E1D6C00543D9F /* Preview.swift in Sources */ = {isa = PBXBuildFile; fileRef = 7C1B4D2A294E1D6C00543D9F /* Preview.swift */; };
		7C1B4D2D294E1E2600543D9F /* WikipediaExtracts.swift in Sources */ = {isa = PBXBuildFile; fileRef = 7C1B4D2C294E1E2600543D9F /* WikipediaExtracts.swift */; };
		7C1B4D2F294E1E5D00543D9F /* Point.swift in Sources */ = {isa = PBXBuildFile; fileRef = 7C1B4D2E294E1E5D00543D9F /* Point.swift */; };
		7CF1BCEA2910252200DDFA22 /* AppDelegate.swift in Sources */ = {isa = PBXBuildFile; fileRef = 7CF1BCE92910252200DDFA22 /* AppDelegate.swift */; };
		7CF1BCEC2910252200DDFA22 /* SceneDelegate.swift in Sources */ = {isa = PBXBuildFile; fileRef = 7CF1BCEB2910252200DDFA22 /* SceneDelegate.swift */; };
		7CF1BCF32910252200DDFA22 /* Assets.xcassets in Resources */ = {isa = PBXBuildFile; fileRef = 7CF1BCF22910252200DDFA22 /* Assets.xcassets */; };
		7CF1BCF62910252200DDFA22 /* LaunchScreen.storyboard in Resources */ = {isa = PBXBuildFile; fileRef = 7CF1BCF42910252200DDFA22 /* LaunchScreen.storyboard */; };
		7CF1BCFE2910295800DDFA22 /* MapViewController.swift in Sources */ = {isa = PBXBuildFile; fileRef = 7CF1BCFD2910295800DDFA22 /* MapViewController.swift */; };
		7CF1BD0E2910475900DDFA22 /* MainViewController.swift in Sources */ = {isa = PBXBuildFile; fileRef = 7CF1BD0D2910475900DDFA22 /* MainViewController.swift */; };
		7CF1BD1029105F3000DDFA22 /* ViewFactory.swift in Sources */ = {isa = PBXBuildFile; fileRef = 7CF1BD0F29105F3000DDFA22 /* ViewFactory.swift */; };
		7CF1BD12291061CF00DDFA22 /* SystemSymbol.swift in Sources */ = {isa = PBXBuildFile; fileRef = 7CF1BD11291061CF00DDFA22 /* SystemSymbol.swift */; };
		7CF1BD14291068DD00DDFA22 /* MapVCPresenter.swift in Sources */ = {isa = PBXBuildFile; fileRef = 7CF1BD13291068DD00DDFA22 /* MapVCPresenter.swift */; };
		7CF1BD16291072E500DDFA22 /* APIProvider.swift in Sources */ = {isa = PBXBuildFile; fileRef = 7CF1BD15291072E500DDFA22 /* APIProvider.swift */; };
		7CF1BD18291077A000DDFA22 /* NetworkManager.swift in Sources */ = {isa = PBXBuildFile; fileRef = 7CF1BD17291077A000DDFA22 /* NetworkManager.swift */; };
/* End PBXBuildFile section */

/* Begin PBXFileReference section */
		7C1B4D17294E132300543D9F /* Place.swift */ = {isa = PBXFileReference; lastKnownFileType = sourcecode.swift; path = Place.swift; sourceTree = "<group>"; };
		7C1B4D1B294E139700543D9F /* PlaceProperties.swift */ = {isa = PBXFileReference; lastKnownFileType = sourcecode.swift; path = PlaceProperties.swift; sourceTree = "<group>"; };
		7C1B4D1E294E176F00543D9F /* Feature.swift */ = {isa = PBXFileReference; lastKnownFileType = sourcecode.swift; path = Feature.swift; sourceTree = "<group>"; };
		7C1B4D20294E184600543D9F /* Geometry.swift */ = {isa = PBXFileReference; lastKnownFileType = sourcecode.swift; path = Geometry.swift; sourceTree = "<group>"; };
		7C1B4D22294E188000543D9F /* Properties.swift */ = {isa = PBXFileReference; lastKnownFileType = sourcecode.swift; path = Properties.swift; sourceTree = "<group>"; };
		7C1B4D24294E1B8000543D9F /* Address.swift */ = {isa = PBXFileReference; lastKnownFileType = sourcecode.swift; path = Address.swift; sourceTree = "<group>"; };
		7C1B4D26294E1C8E00543D9F /* Bbox.swift */ = {isa = PBXFileReference; lastKnownFileType = sourcecode.swift; path = Bbox.swift; sourceTree = "<group>"; };
		7C1B4D28294E1D2100543D9F /* Sources.swift */ = {isa = PBXFileReference; lastKnownFileType = sourcecode.swift; path = Sources.swift; sourceTree = "<group>"; };
		7C1B4D2A294E1D6C00543D9F /* Preview.swift */ = {isa = PBXFileReference; lastKnownFileType = sourcecode.swift; path = Preview.swift; sourceTree = "<group>"; };
		7C1B4D2C294E1E2600543D9F /* WikipediaExtracts.swift */ = {isa = PBXFileReference; lastKnownFileType = sourcecode.swift; path = WikipediaExtracts.swift; sourceTree = "<group>"; };
		7C1B4D2E294E1E5D00543D9F /* Point.swift */ = {isa = PBXFileReference; lastKnownFileType = sourcecode.swift; path = Point.swift; sourceTree = "<group>"; };
		7CF1BCE62910252200DDFA22 /* TourGuide.app */ = {isa = PBXFileReference; explicitFileType = wrapper.application; includeInIndex = 0; path = TourGuide.app; sourceTree = BUILT_PRODUCTS_DIR; };
		7CF1BCE92910252200DDFA22 /* AppDelegate.swift */ = {isa = PBXFileReference; lastKnownFileType = sourcecode.swift; path = AppDelegate.swift; sourceTree = "<group>"; };
		7CF1BCEB2910252200DDFA22 /* SceneDelegate.swift */ = {isa = PBXFileReference; lastKnownFileType = sourcecode.swift; path = SceneDelegate.swift; sourceTree = "<group>"; };
		7CF1BCF22910252200DDFA22 /* Assets.xcassets */ = {isa = PBXFileReference; lastKnownFileType = folder.assetcatalog; path = Assets.xcassets; sourceTree = "<group>"; };
		7CF1BCF52910252200DDFA22 /* Base */ = {isa = PBXFileReference; lastKnownFileType = file.storyboard; name = Base; path = Base.lproj/LaunchScreen.storyboard; sourceTree = "<group>"; };
		7CF1BCF72910252200DDFA22 /* Info.plist */ = {isa = PBXFileReference; lastKnownFileType = text.plist.xml; path = Info.plist; sourceTree = "<group>"; };
		7CF1BCFD2910295800DDFA22 /* MapViewController.swift */ = {isa = PBXFileReference; lastKnownFileType = sourcecode.swift; path = MapViewController.swift; sourceTree = "<group>"; };
		7CF1BD0D2910475900DDFA22 /* MainViewController.swift */ = {isa = PBXFileReference; lastKnownFileType = sourcecode.swift; path = MainViewController.swift; sourceTree = "<group>"; };
		7CF1BD0F29105F3000DDFA22 /* ViewFactory.swift */ = {isa = PBXFileReference; lastKnownFileType = sourcecode.swift; path = ViewFactory.swift; sourceTree = "<group>"; };
		7CF1BD11291061CF00DDFA22 /* SystemSymbol.swift */ = {isa = PBXFileReference; lastKnownFileType = sourcecode.swift; path = SystemSymbol.swift; sourceTree = "<group>"; };
		7CF1BD13291068DD00DDFA22 /* MapVCPresenter.swift */ = {isa = PBXFileReference; lastKnownFileType = sourcecode.swift; path = MapVCPresenter.swift; sourceTree = "<group>"; };
		7CF1BD15291072E500DDFA22 /* APIProvider.swift */ = {isa = PBXFileReference; lastKnownFileType = sourcecode.swift; path = APIProvider.swift; sourceTree = "<group>"; };
		7CF1BD17291077A000DDFA22 /* NetworkManager.swift */ = {isa = PBXFileReference; lastKnownFileType = sourcecode.swift; path = NetworkManager.swift; sourceTree = "<group>"; };
/* End PBXFileReference section */

/* Begin PBXFrameworksBuildPhase section */
		7CF1BCE32910252200DDFA22 /* Frameworks */ = {
			isa = PBXFrameworksBuildPhase;
			buildActionMask = 2147483647;
			files = (
			);
			runOnlyForDeploymentPostprocessing = 0;
		};
/* End PBXFrameworksBuildPhase section */

/* Begin PBXGroup section */
		7C1B4D16294E130A00543D9F /* Place */ = {
			isa = PBXGroup;
			children = (
				7C1B4D17294E132300543D9F /* Place.swift */,
				7C1B4D19294E132900543D9F /* Submodels */,
			);
			path = Place;
			sourceTree = "<group>";
		};
		7C1B4D19294E132900543D9F /* Submodels */ = {
			isa = PBXGroup;
			children = (
				7C1B4D1E294E176F00543D9F /* Feature.swift */,
				7C1B4D20294E184600543D9F /* Geometry.swift */,
				7C1B4D22294E188000543D9F /* Properties.swift */,
			);
			path = Submodels;
			sourceTree = "<group>";
		};
		7C1B4D1A294E136900543D9F /* PlaceProperties */ = {
			isa = PBXGroup;
			children = (
				7C1B4D1B294E139700543D9F /* PlaceProperties.swift */,
				7C1B4D1D294E13A200543D9F /* Submodels */,
			);
			path = PlaceProperties;
			sourceTree = "<group>";
		};
		7C1B4D1D294E13A200543D9F /* Submodels */ = {
			isa = PBXGroup;
			children = (
				7C1B4D24294E1B8000543D9F /* Address.swift */,
				7C1B4D26294E1C8E00543D9F /* Bbox.swift */,
				7C1B4D28294E1D2100543D9F /* Sources.swift */,
				7C1B4D2A294E1D6C00543D9F /* Preview.swift */,
				7C1B4D2C294E1E2600543D9F /* WikipediaExtracts.swift */,
				7C1B4D2E294E1E5D00543D9F /* Point.swift */,
			);
			path = Submodels;
			sourceTree = "<group>";
		};
		7CF1BCDD2910252200DDFA22 = {
			isa = PBXGroup;
			children = (
				7CF1BCE82910252200DDFA22 /* TourGuide */,
				7CF1BCE72910252200DDFA22 /* Products */,
			);
			sourceTree = "<group>";
		};
		7CF1BCE72910252200DDFA22 /* Products */ = {
			isa = PBXGroup;
			children = (
				7CF1BCE62910252200DDFA22 /* TourGuide.app */,
			);
			name = Products;
			sourceTree = "<group>";
		};
		7CF1BCE82910252200DDFA22 /* TourGuide */ = {
			isa = PBXGroup;
			children = (
				7CF1BCFF29103C8100DDFA22 /* Configuration */,
				7CF1BD0129103F2200DDFA22 /* Common */,
				7CF1BD0429103FD500DDFA22 /* Modules */,
				7CF1BD0029103F0A00DDFA22 /* Resourses */,
			);
			path = TourGuide;
			sourceTree = "<group>";
		};
		7CF1BCFF29103C8100DDFA22 /* Configuration */ = {
			isa = PBXGroup;
			children = (
				7CF1BCF72910252200DDFA22 /* Info.plist */,
			);
			path = Configuration;
			sourceTree = "<group>";
		};
		7CF1BD0029103F0A00DDFA22 /* Resourses */ = {
			isa = PBXGroup;
			children = (
				7CF1BCF22910252200DDFA22 /* Assets.xcassets */,
				7CF1BCF42910252200DDFA22 /* LaunchScreen.storyboard */,
			);
			path = Resourses;
			sourceTree = "<group>";
		};
		7CF1BD0129103F2200DDFA22 /* Common */ = {
			isa = PBXGroup;
			children = (
				7CF1BD0229103F2A00DDFA22 /* Application */,
				7CF1BD082910408900DDFA22 /* Assemblers */,
				7CF1BD062910405300DDFA22 /* Network */,
				7CF1BD0329103F4A00DDFA22 /* Models */,
				7CF1BD072910405C00DDFA22 /* Utils */,
			);
			path = Common;
			sourceTree = "<group>";
		};
		7CF1BD0229103F2A00DDFA22 /* Application */ = {
			isa = PBXGroup;
			children = (
				7CF1BCE92910252200DDFA22 /* AppDelegate.swift */,
				7CF1BCEB2910252200DDFA22 /* SceneDelegate.swift */,
			);
			path = Application;
			sourceTree = "<group>";
		};
		7CF1BD0329103F4A00DDFA22 /* Models */ = {
			isa = PBXGroup;
			children = (
				7C1B4D16294E130A00543D9F /* Place */,
				7C1B4D1A294E136900543D9F /* PlaceProperties */,
			);
			path = Models;
			sourceTree = "<group>";
		};
		7CF1BD0429103FD500DDFA22 /* Modules */ = {
			isa = PBXGroup;
			children = (
				7CF1BD0B2910472300DDFA22 /* MainModule */,
				7CF1BD052910401F00DDFA22 /* MapModule */,
			);
			path = Modules;
			sourceTree = "<group>";
		};
		7CF1BD052910401F00DDFA22 /* MapModule */ = {
			isa = PBXGroup;
			children = (
				7CF1BD0A291044BA00DDFA22 /* Presenter */,
				7CF1BD09291044B100DDFA22 /* View */,
			);
			path = MapModule;
			sourceTree = "<group>";
		};
		7CF1BD062910405300DDFA22 /* Network */ = {
			isa = PBXGroup;
			children = (
				7CF1BD15291072E500DDFA22 /* APIProvider.swift */,
				7CF1BD17291077A000DDFA22 /* NetworkManager.swift */,
			);
			path = Network;
			sourceTree = "<group>";
		};
		7CF1BD072910405C00DDFA22 /* Utils */ = {
			isa = PBXGroup;
			children = (
				7CF1BD11291061CF00DDFA22 /* SystemSymbol.swift */,
			);
			path = Utils;
			sourceTree = "<group>";
		};
		7CF1BD082910408900DDFA22 /* Assemblers */ = {
			isa = PBXGroup;
			children = (
				7CF1BD0F29105F3000DDFA22 /* ViewFactory.swift */,
			);
			path = Assemblers;
			sourceTree = "<group>";
		};
		7CF1BD09291044B100DDFA22 /* View */ = {
			isa = PBXGroup;
			children = (
				7CF1BCFD2910295800DDFA22 /* MapViewController.swift */,
			);
			path = View;
			sourceTree = "<group>";
		};
		7CF1BD0A291044BA00DDFA22 /* Presenter */ = {
			isa = PBXGroup;
			children = (
				7CF1BD13291068DD00DDFA22 /* MapVCPresenter.swift */,
			);
			path = Presenter;
			sourceTree = "<group>";
		};
		7CF1BD0B2910472300DDFA22 /* MainModule */ = {
			isa = PBXGroup;
			children = (
				7CF1BD0C2910473700DDFA22 /* View */,
			);
			path = MainModule;
			sourceTree = "<group>";
		};
		7CF1BD0C2910473700DDFA22 /* View */ = {
			isa = PBXGroup;
			children = (
				7CF1BD0D2910475900DDFA22 /* MainViewController.swift */,
			);
			path = View;
			sourceTree = "<group>";
		};
/* End PBXGroup section */

/* Begin PBXNativeTarget section */
		7CF1BCE52910252200DDFA22 /* TourGuide */ = {
			isa = PBXNativeTarget;
			buildConfigurationList = 7CF1BCFA2910252200DDFA22 /* Build configuration list for PBXNativeTarget "TourGuide" */;
			buildPhases = (
				7CF1BCE22910252200DDFA22 /* Sources */,
				7CF1BCE32910252200DDFA22 /* Frameworks */,
				7CF1BCE42910252200DDFA22 /* Resources */,
			);
			buildRules = (
			);
			dependencies = (
			);
			name = TourGuide;
			productName = TourGuide;
			productReference = 7CF1BCE62910252200DDFA22 /* TourGuide.app */;
			productType = "com.apple.product-type.application";
		};
/* End PBXNativeTarget section */

/* Begin PBXProject section */
		7CF1BCDE2910252200DDFA22 /* Project object */ = {
			isa = PBXProject;
			attributes = {
				BuildIndependentTargetsInParallel = 1;
				LastSwiftUpdateCheck = 1400;
				LastUpgradeCheck = 1400;
				TargetAttributes = {
					7CF1BCE52910252200DDFA22 = {
						CreatedOnToolsVersion = 14.0.1;
					};
				};
			};
			buildConfigurationList = 7CF1BCE12910252200DDFA22 /* Build configuration list for PBXProject "TourGuide" */;
			compatibilityVersion = "Xcode 14.0";
			developmentRegion = en;
			hasScannedForEncodings = 0;
			knownRegions = (
				en,
				Base,
			);
			mainGroup = 7CF1BCDD2910252200DDFA22;
			productRefGroup = 7CF1BCE72910252200DDFA22 /* Products */;
			projectDirPath = "";
			projectRoot = "";
			targets = (
				7CF1BCE52910252200DDFA22 /* TourGuide */,
			);
		};
/* End PBXProject section */

/* Begin PBXResourcesBuildPhase section */
		7CF1BCE42910252200DDFA22 /* Resources */ = {
			isa = PBXResourcesBuildPhase;
			buildActionMask = 2147483647;
			files = (
				7CF1BCF62910252200DDFA22 /* LaunchScreen.storyboard in Resources */,
				7CF1BCF32910252200DDFA22 /* Assets.xcassets in Resources */,
			);
			runOnlyForDeploymentPostprocessing = 0;
		};
/* End PBXResourcesBuildPhase section */

/* Begin PBXSourcesBuildPhase section */
		7CF1BCE22910252200DDFA22 /* Sources */ = {
			isa = PBXSourcesBuildPhase;
			buildActionMask = 2147483647;
			files = (
				7C1B4D27294E1C8E00543D9F /* Bbox.swift in Sources */,
				7C1B4D1F294E176F00543D9F /* Feature.swift in Sources */,
				7CF1BD18291077A000DDFA22 /* NetworkManager.swift in Sources */,
				7CF1BD12291061CF00DDFA22 /* SystemSymbol.swift in Sources */,
				7CF1BD16291072E500DDFA22 /* APIProvider.swift in Sources */,
				7C1B4D21294E184600543D9F /* Geometry.swift in Sources */,
				7CF1BCEA2910252200DDFA22 /* AppDelegate.swift in Sources */,
				7C1B4D23294E188000543D9F /* Properties.swift in Sources */,
				7C1B4D2D294E1E2600543D9F /* WikipediaExtracts.swift in Sources */,
				7C1B4D1C294E139700543D9F /* PlaceProperties.swift in Sources */,
				7CF1BCEC2910252200DDFA22 /* SceneDelegate.swift in Sources */,
				7C1B4D25294E1B8000543D9F /* Address.swift in Sources */,
				7CF1BD14291068DD00DDFA22 /* MapVCPresenter.swift in Sources */,
				7C1B4D29294E1D2100543D9F /* Sources.swift in Sources */,
				7CF1BD1029105F3000DDFA22 /* ViewFactory.swift in Sources */,
				7CF1BCFE2910295800DDFA22 /* MapViewController.swift in Sources */,
				7C1B4D2F294E1E5D00543D9F /* Point.swift in Sources */,
				7CF1BD0E2910475900DDFA22 /* MainViewController.swift in Sources */,
				7C1B4D2B294E1D6C00543D9F /* Preview.swift in Sources */,
				7C1B4D18294E132300543D9F /* Place.swift in Sources */,
			);
			runOnlyForDeploymentPostprocessing = 0;
		};
/* End PBXSourcesBuildPhase section */

/* Begin PBXVariantGroup section */
		7CF1BCF42910252200DDFA22 /* LaunchScreen.storyboard */ = {
			isa = PBXVariantGroup;
			children = (
				7CF1BCF52910252200DDFA22 /* Base */,
			);
			name = LaunchScreen.storyboard;
			sourceTree = "<group>";
		};
/* End PBXVariantGroup section */

/* Begin XCBuildConfiguration section */
		7CF1BCF82910252200DDFA22 /* Debug */ = {
			isa = XCBuildConfiguration;
			buildSettings = {
				ALWAYS_SEARCH_USER_PATHS = NO;
				CLANG_ANALYZER_NONNULL = YES;
				CLANG_ANALYZER_NUMBER_OBJECT_CONVERSION = YES_AGGRESSIVE;
				CLANG_CXX_LANGUAGE_STANDARD = "gnu++20";
				CLANG_ENABLE_MODULES = YES;
				CLANG_ENABLE_OBJC_ARC = YES;
				CLANG_ENABLE_OBJC_WEAK = YES;
				CLANG_WARN_BLOCK_CAPTURE_AUTORELEASING = YES;
				CLANG_WARN_BOOL_CONVERSION = YES;
				CLANG_WARN_COMMA = YES;
				CLANG_WARN_CONSTANT_CONVERSION = YES;
				CLANG_WARN_DEPRECATED_OBJC_IMPLEMENTATIONS = YES;
				CLANG_WARN_DIRECT_OBJC_ISA_USAGE = YES_ERROR;
				CLANG_WARN_DOCUMENTATION_COMMENTS = YES;
				CLANG_WARN_EMPTY_BODY = YES;
				CLANG_WARN_ENUM_CONVERSION = YES;
				CLANG_WARN_INFINITE_RECURSION = YES;
				CLANG_WARN_INT_CONVERSION = YES;
				CLANG_WARN_NON_LITERAL_NULL_CONVERSION = YES;
				CLANG_WARN_OBJC_IMPLICIT_RETAIN_SELF = YES;
				CLANG_WARN_OBJC_LITERAL_CONVERSION = YES;
				CLANG_WARN_OBJC_ROOT_CLASS = YES_ERROR;
				CLANG_WARN_QUOTED_INCLUDE_IN_FRAMEWORK_HEADER = YES;
				CLANG_WARN_RANGE_LOOP_ANALYSIS = YES;
				CLANG_WARN_STRICT_PROTOTYPES = YES;
				CLANG_WARN_SUSPICIOUS_MOVE = YES;
				CLANG_WARN_UNGUARDED_AVAILABILITY = YES_AGGRESSIVE;
				CLANG_WARN_UNREACHABLE_CODE = YES;
				CLANG_WARN__DUPLICATE_METHOD_MATCH = YES;
				COPY_PHASE_STRIP = NO;
				DEBUG_INFORMATION_FORMAT = dwarf;
				ENABLE_STRICT_OBJC_MSGSEND = YES;
				ENABLE_TESTABILITY = YES;
				GCC_C_LANGUAGE_STANDARD = gnu11;
				GCC_DYNAMIC_NO_PIC = NO;
				GCC_NO_COMMON_BLOCKS = YES;
				GCC_OPTIMIZATION_LEVEL = 0;
				GCC_PREPROCESSOR_DEFINITIONS = (
					"DEBUG=1",
					"$(inherited)",
				);
				GCC_WARN_64_TO_32_BIT_CONVERSION = YES;
				GCC_WARN_ABOUT_RETURN_TYPE = YES_ERROR;
				GCC_WARN_UNDECLARED_SELECTOR = YES;
				GCC_WARN_UNINITIALIZED_AUTOS = YES_AGGRESSIVE;
				GCC_WARN_UNUSED_FUNCTION = YES;
				GCC_WARN_UNUSED_VARIABLE = YES;
				IPHONEOS_DEPLOYMENT_TARGET = 16.0;
				MTL_ENABLE_DEBUG_INFO = INCLUDE_SOURCE;
				MTL_FAST_MATH = YES;
				ONLY_ACTIVE_ARCH = YES;
				SDKROOT = iphoneos;
				SWIFT_ACTIVE_COMPILATION_CONDITIONS = DEBUG;
				SWIFT_OPTIMIZATION_LEVEL = "-Onone";
			};
			name = Debug;
		};
		7CF1BCF92910252200DDFA22 /* Release */ = {
			isa = XCBuildConfiguration;
			buildSettings = {
				ALWAYS_SEARCH_USER_PATHS = NO;
				CLANG_ANALYZER_NONNULL = YES;
				CLANG_ANALYZER_NUMBER_OBJECT_CONVERSION = YES_AGGRESSIVE;
				CLANG_CXX_LANGUAGE_STANDARD = "gnu++20";
				CLANG_ENABLE_MODULES = YES;
				CLANG_ENABLE_OBJC_ARC = YES;
				CLANG_ENABLE_OBJC_WEAK = YES;
				CLANG_WARN_BLOCK_CAPTURE_AUTORELEASING = YES;
				CLANG_WARN_BOOL_CONVERSION = YES;
				CLANG_WARN_COMMA = YES;
				CLANG_WARN_CONSTANT_CONVERSION = YES;
				CLANG_WARN_DEPRECATED_OBJC_IMPLEMENTATIONS = YES;
				CLANG_WARN_DIRECT_OBJC_ISA_USAGE = YES_ERROR;
				CLANG_WARN_DOCUMENTATION_COMMENTS = YES;
				CLANG_WARN_EMPTY_BODY = YES;
				CLANG_WARN_ENUM_CONVERSION = YES;
				CLANG_WARN_INFINITE_RECURSION = YES;
				CLANG_WARN_INT_CONVERSION = YES;
				CLANG_WARN_NON_LITERAL_NULL_CONVERSION = YES;
				CLANG_WARN_OBJC_IMPLICIT_RETAIN_SELF = YES;
				CLANG_WARN_OBJC_LITERAL_CONVERSION = YES;
				CLANG_WARN_OBJC_ROOT_CLASS = YES_ERROR;
				CLANG_WARN_QUOTED_INCLUDE_IN_FRAMEWORK_HEADER = YES;
				CLANG_WARN_RANGE_LOOP_ANALYSIS = YES;
				CLANG_WARN_STRICT_PROTOTYPES = YES;
				CLANG_WARN_SUSPICIOUS_MOVE = YES;
				CLANG_WARN_UNGUARDED_AVAILABILITY = YES_AGGRESSIVE;
				CLANG_WARN_UNREACHABLE_CODE = YES;
				CLANG_WARN__DUPLICATE_METHOD_MATCH = YES;
				COPY_PHASE_STRIP = NO;
				DEBUG_INFORMATION_FORMAT = "dwarf-with-dsym";
				ENABLE_NS_ASSERTIONS = NO;
				ENABLE_STRICT_OBJC_MSGSEND = YES;
				GCC_C_LANGUAGE_STANDARD = gnu11;
				GCC_NO_COMMON_BLOCKS = YES;
				GCC_WARN_64_TO_32_BIT_CONVERSION = YES;
				GCC_WARN_ABOUT_RETURN_TYPE = YES_ERROR;
				GCC_WARN_UNDECLARED_SELECTOR = YES;
				GCC_WARN_UNINITIALIZED_AUTOS = YES_AGGRESSIVE;
				GCC_WARN_UNUSED_FUNCTION = YES;
				GCC_WARN_UNUSED_VARIABLE = YES;
				IPHONEOS_DEPLOYMENT_TARGET = 16.0;
				MTL_ENABLE_DEBUG_INFO = NO;
				MTL_FAST_MATH = YES;
				SDKROOT = iphoneos;
				SWIFT_COMPILATION_MODE = wholemodule;
				SWIFT_OPTIMIZATION_LEVEL = "-O";
				VALIDATE_PRODUCT = YES;
			};
			name = Release;
		};
		7CF1BCFB2910252200DDFA22 /* Debug */ = {
			isa = XCBuildConfiguration;
			buildSettings = {
				ASSETCATALOG_COMPILER_APPICON_NAME = AppIcon;
				ASSETCATALOG_COMPILER_GLOBAL_ACCENT_COLOR_NAME = AccentColor;
				CODE_SIGN_STYLE = Automatic;
				CURRENT_PROJECT_VERSION = 1;
				DEVELOPMENT_TEAM = MYR4RY57UC;
				GENERATE_INFOPLIST_FILE = YES;
				INFOPLIST_FILE = TourGuide/Configuration/Info.plist;
				INFOPLIST_KEY_UIApplicationSupportsIndirectInputEvents = YES;
				INFOPLIST_KEY_UILaunchStoryboardName = LaunchScreen;
				INFOPLIST_KEY_UIMainStoryboardFile = "";
				INFOPLIST_KEY_UISupportedInterfaceOrientations = UIInterfaceOrientationPortrait;
				INFOPLIST_KEY_UISupportedInterfaceOrientations_iPad = "UIInterfaceOrientationLandscapeLeft UIInterfaceOrientationLandscapeRight UIInterfaceOrientationPortrait UIInterfaceOrientationPortraitUpsideDown";
				IPHONEOS_DEPLOYMENT_TARGET = 13.0;
				LD_RUNPATH_SEARCH_PATHS = (
					"$(inherited)",
					"@executable_path/Frameworks",
				);
				MARKETING_VERSION = 1.0;
				PRODUCT_BUNDLE_IDENTIFIER = com.zhoraagadzhanyan.TourGuide;
				PRODUCT_NAME = "$(TARGET_NAME)";
				SWIFT_EMIT_LOC_STRINGS = YES;
				SWIFT_VERSION = 5.0;
				TARGETED_DEVICE_FAMILY = "1,2";
			};
			name = Debug;
		};
		7CF1BCFC2910252200DDFA22 /* Release */ = {
			isa = XCBuildConfiguration;
			buildSettings = {
				ASSETCATALOG_COMPILER_APPICON_NAME = AppIcon;
				ASSETCATALOG_COMPILER_GLOBAL_ACCENT_COLOR_NAME = AccentColor;
				CODE_SIGN_STYLE = Automatic;
				CURRENT_PROJECT_VERSION = 1;
				DEVELOPMENT_TEAM = MYR4RY57UC;
				GENERATE_INFOPLIST_FILE = YES;
				INFOPLIST_FILE = TourGuide/Configuration/Info.plist;
				INFOPLIST_KEY_UIApplicationSupportsIndirectInputEvents = YES;
				INFOPLIST_KEY_UILaunchStoryboardName = LaunchScreen;
				INFOPLIST_KEY_UIMainStoryboardFile = "";
				INFOPLIST_KEY_UISupportedInterfaceOrientations = UIInterfaceOrientationPortrait;
				INFOPLIST_KEY_UISupportedInterfaceOrientations_iPad = "UIInterfaceOrientationLandscapeLeft UIInterfaceOrientationLandscapeRight UIInterfaceOrientationPortrait UIInterfaceOrientationPortraitUpsideDown";
				IPHONEOS_DEPLOYMENT_TARGET = 13.0;
				LD_RUNPATH_SEARCH_PATHS = (
					"$(inherited)",
					"@executable_path/Frameworks",
				);
				MARKETING_VERSION = 1.0;
				PRODUCT_BUNDLE_IDENTIFIER = com.zhoraagadzhanyan.TourGuide;
				PRODUCT_NAME = "$(TARGET_NAME)";
				SWIFT_EMIT_LOC_STRINGS = YES;
				SWIFT_VERSION = 5.0;
				TARGETED_DEVICE_FAMILY = "1,2";
			};
			name = Release;
		};
/* End XCBuildConfiguration section */

/* Begin XCConfigurationList section */
		7CF1BCE12910252200DDFA22 /* Build configuration list for PBXProject "TourGuide" */ = {
			isa = XCConfigurationList;
			buildConfigurations = (
				7CF1BCF82910252200DDFA22 /* Debug */,
				7CF1BCF92910252200DDFA22 /* Release */,
			);
			defaultConfigurationIsVisible = 0;
			defaultConfigurationName = Release;
		};
		7CF1BCFA2910252200DDFA22 /* Build configuration list for PBXNativeTarget "TourGuide" */ = {
			isa = XCConfigurationList;
			buildConfigurations = (
				7CF1BCFB2910252200DDFA22 /* Debug */,
				7CF1BCFC2910252200DDFA22 /* Release */,
			);
			defaultConfigurationIsVisible = 0;
			defaultConfigurationName = Release;
		};
/* End XCConfigurationList section */
	};
	rootObject = 7CF1BCDE2910252200DDFA22 /* Project object */;
}
